
Microsoft Visual Studio Solution File, Format Version 12.00
# Visual Studio Version 16
VisualStudioVersion = 16.0.33027.164
MinimumVisualStudioVersion = 10.0.40219.1
Project("{D2ABAB84-BF74-430A-B69E-9DC6D40DDA17}") = "OLAP", "OLAP\OLAP.dwproj", "{7EC7C45D-F8B2-4167-B6EF-E504570BB214}"
EndProject
Global
	GlobalSection(SolutionConfigurationPlatforms) = preSolution
		Development|Default = Development|Default
	EndGlobalSection
	GlobalSection(ProjectConfigurationPlatforms) = postSolution
		{7EC7C45D-F8B2-4167-B6EF-E504570BB214}.Development|Default.ActiveCfg = Development
		{7EC7C45D-F8B2-4167-B6EF-E504570BB214}.Development|Default.Build.0 = Development
		{7EC7C45D-F8B2-4167-B6EF-E504570BB214}.Development|Default.Deploy.0 = Development
	EndGlobalSection
	GlobalSection(SolutionProperties) = preSolution
		HideSolutionNode = FALSE
	EndGlobalSection
	GlobalSection(ExtensibilityGlobals) = postSolution
		SolutionGuid = {3B1DCE5C-49F9-43C7-8686-16C380C2B959}
	EndGlobalSection
EndGlobal
